// !$*UTF8*$!
{
	archiveVersion = 1;
	classes = {
	};
	objectVersion = 51;
	objects = {

/* Begin PBXBuildFile section */
		0CF89D9E37B4393B50D9AA45 /* Pods_Assignment1_Assignment1UITests.framework in Frameworks */ = {isa = PBXBuildFile; fileRef = 7762C69E5853952E301B8389 /* Pods_Assignment1_Assignment1UITests.framework */; };
		1852781D24CAE0AE00E7D3E5 /* AppDelegate.swift in Sources */ = {isa = PBXBuildFile; fileRef = 1852781C24CAE0AE00E7D3E5 /* AppDelegate.swift */; };
		1852781F24CAE0AE00E7D3E5 /* ViewController.swift in Sources */ = {isa = PBXBuildFile; fileRef = 1852781E24CAE0AE00E7D3E5 /* ViewController.swift */; };
		1852782224CAE0AE00E7D3E5 /* Main.storyboard in Resources */ = {isa = PBXBuildFile; fileRef = 1852782024CAE0AE00E7D3E5 /* Main.storyboard */; };
		1852782424CAE0AF00E7D3E5 /* Assets.xcassets in Resources */ = {isa = PBXBuildFile; fileRef = 1852782324CAE0AF00E7D3E5 /* Assets.xcassets */; };
		1852782724CAE0AF00E7D3E5 /* LaunchScreen.storyboard in Resources */ = {isa = PBXBuildFile; fileRef = 1852782524CAE0AF00E7D3E5 /* LaunchScreen.storyboard */; };
		1852783224CAE0AF00E7D3E5 /* Assignment1Tests.swift in Sources */ = {isa = PBXBuildFile; fileRef = 1852783124CAE0AF00E7D3E5 /* Assignment1Tests.swift */; };
		1852783D24CAE0AF00E7D3E5 /* Assignment1UITests.swift in Sources */ = {isa = PBXBuildFile; fileRef = 1852783C24CAE0AF00E7D3E5 /* Assignment1UITests.swift */; };
		1852784B24CAE11200E7D3E5 /* SignUpViewController.swift in Sources */ = {isa = PBXBuildFile; fileRef = 1852784A24CAE11200E7D3E5 /* SignUpViewController.swift */; };
		1852784D24CAE12300E7D3E5 /* LoginViewController.swift in Sources */ = {isa = PBXBuildFile; fileRef = 1852784C24CAE12300E7D3E5 /* LoginViewController.swift */; };
		1852784F24CAE12D00E7D3E5 /* HomeViewController.swift in Sources */ = {isa = PBXBuildFile; fileRef = 1852784E24CAE12D00E7D3E5 /* HomeViewController.swift */; };
		1852785524CB364300E7D3E5 /* Utilities.swift in Sources */ = {isa = PBXBuildFile; fileRef = 1852785424CB364300E7D3E5 /* Utilities.swift */; };
		1852785724CB364600E7D3E5 /* Constants.swift in Sources */ = {isa = PBXBuildFile; fileRef = 1852785624CB364600E7D3E5 /* Constants.swift */; };
		1852785924CB3AD100E7D3E5 /* GoogleService-Info.plist in Resources */ = {isa = PBXBuildFile; fileRef = 1852785824CB3AD100E7D3E5 /* GoogleService-Info.plist */; };
		188821392591E4E7006B3E69 /* MenuViewController.swift in Sources */ = {isa = PBXBuildFile; fileRef = 188821382591E4E7006B3E69 /* MenuViewController.swift */; };
		18A284B12585EFD6006C9C8C /* TableViewCell.swift in Sources */ = {isa = PBXBuildFile; fileRef = 18A284B02585EFD6006C9C8C /* TableViewCell.swift */; };
		18D33270258485B800AC3BEE /* ResturantHomeViewController.swift in Sources */ = {isa = PBXBuildFile; fileRef = 18D3326F258485B800AC3BEE /* ResturantHomeViewController.swift */; };
		18E171CD259383FC00A471A7 /* DetailViewController.swift in Sources */ = {isa = PBXBuildFile; fileRef = 18E171CC259383FC00A471A7 /* DetailViewController.swift */; };
		18E171D2259384BE00A471A7 /* Interactor.swift in Sources */ = {isa = PBXBuildFile; fileRef = 18E171D1259384BE00A471A7 /* Interactor.swift */; };
		18E171D72593850300A471A7 /* InfoViewController.swift in Sources */ = {isa = PBXBuildFile; fileRef = 18E171D62593850300A471A7 /* InfoViewController.swift */; };
		18E171DC2593856000A471A7 /* SectionTitleIndexView.swift in Sources */ = {isa = PBXBuildFile; fileRef = 18E171DB2593856000A471A7 /* SectionTitleIndexView.swift */; };
		18E171E1259385BB00A471A7 /* SectionTitleIndexCollectionView.swift in Sources */ = {isa = PBXBuildFile; fileRef = 18E171E0259385BB00A471A7 /* SectionTitleIndexCollectionView.swift */; };
		18E171EC259385E000A471A7 /* Meal.swift in Sources */ = {isa = PBXBuildFile; fileRef = 18E171EB259385E000A471A7 /* Meal.swift */; };
		18E171F82593870700A471A7 /* HeaderView.swift in Sources */ = {isa = PBXBuildFile; fileRef = 18E171F72593870700A471A7 /* HeaderView.swift */; };
		18E171FD2593877600A471A7 /* DetailCollectionViewCell.swift in Sources */ = {isa = PBXBuildFile; fileRef = 18E171FC2593877600A471A7 /* DetailCollectionViewCell.swift */; };
		18E172022593878D00A471A7 /* InfoCollectionViewCell.swift in Sources */ = {isa = PBXBuildFile; fileRef = 18E172012593878D00A471A7 /* InfoCollectionViewCell.swift */; };
		18E17207259387C000A471A7 /* MenuCollectionViewCell.swift in Sources */ = {isa = PBXBuildFile; fileRef = 18E17206259387C000A471A7 /* MenuCollectionViewCell.swift */; };
		18E1720C259387F100A471A7 /* DetailHeaderCollectionViewCell.swift in Sources */ = {isa = PBXBuildFile; fileRef = 18E1720B259387F100A471A7 /* DetailHeaderCollectionViewCell.swift */; };
		18E172112593881200A471A7 /* SectionHeaderView.swift in Sources */ = {isa = PBXBuildFile; fileRef = 18E172102593881200A471A7 /* SectionHeaderView.swift */; };
		18E172162593885A00A471A7 /* MealItemViewController.swift in Sources */ = {isa = PBXBuildFile; fileRef = 18E172152593885A00A471A7 /* MealItemViewController.swift */; };
		18E1721B2593890000A471A7 /* MealItemTableViewCell.swift in Sources */ = {isa = PBXBuildFile; fileRef = 18E1721A2593890000A471A7 /* MealItemTableViewCell.swift */; };
		18E172202593893300A471A7 /* MealItemTitleCell.swift in Sources */ = {isa = PBXBuildFile; fileRef = 18E1721F2593893300A471A7 /* MealItemTitleCell.swift */; };
		18E172252593895E00A471A7 /* MealItemQuantityCell.swift in Sources */ = {isa = PBXBuildFile; fileRef = 18E172242593895E00A471A7 /* MealItemQuantityCell.swift */; };
		18E1722A25938A4800A471A7 /* InfoTableViewCell.swift in Sources */ = {isa = PBXBuildFile; fileRef = 18E1722925938A4800A471A7 /* InfoTableViewCell.swift */; };
		18E1722F25938A6000A471A7 /* InfoTableViewHeader.swift in Sources */ = {isa = PBXBuildFile; fileRef = 18E1722E25938A6000A471A7 /* InfoTableViewHeader.swift */; };
		18F9E7592588EBFC00AD31CB /* Items.swift in Sources */ = {isa = PBXBuildFile; fileRef = 18F9E7582588EBFB00AD31CB /* Items.swift */; };
		259C1D7BD1934BA81D689C37 /* Pods_Assignment1.framework in Frameworks */ = {isa = PBXBuildFile; fileRef = 1569F400FFB3AA6A80E8CC36 /* Pods_Assignment1.framework */; };
		FE61B130D07A9A82100123E8 /* Pods_Assignment1Tests.framework in Frameworks */ = {isa = PBXBuildFile; fileRef = 85E25535DD710258ACE3E610 /* Pods_Assignment1Tests.framework */; };
/* End PBXBuildFile section */

/* Begin PBXContainerItemProxy section */
		1852782E24CAE0AF00E7D3E5 /* PBXContainerItemProxy */ = {
			isa = PBXContainerItemProxy;
			containerPortal = 1852781124CAE0AE00E7D3E5 /* Project object */;
			proxyType = 1;
			remoteGlobalIDString = 1852781824CAE0AE00E7D3E5;
			remoteInfo = Assignment1;
		};
		1852783924CAE0AF00E7D3E5 /* PBXContainerItemProxy */ = {
			isa = PBXContainerItemProxy;
			containerPortal = 1852781124CAE0AE00E7D3E5 /* Project object */;
			proxyType = 1;
			remoteGlobalIDString = 1852781824CAE0AE00E7D3E5;
			remoteInfo = Assignment1;
		};
/* End PBXContainerItemProxy section */

/* Begin PBXFileReference section */
		10868AECBB660A88AF6CBDD1 /* Pods-Assignment1-Assignment1UITests.release.xcconfig */ = {isa = PBXFileReference; includeInIndex = 1; lastKnownFileType = text.xcconfig; name = "Pods-Assignment1-Assignment1UITests.release.xcconfig"; path = "Target Support Files/Pods-Assignment1-Assignment1UITests/Pods-Assignment1-Assignment1UITests.release.xcconfig"; sourceTree = "<group>"; };
		1351687C3D7A3219C34FA7EF /* Pods-Assignment1Tests.debug.xcconfig */ = {isa = PBXFileReference; includeInIndex = 1; lastKnownFileType = text.xcconfig; name = "Pods-Assignment1Tests.debug.xcconfig"; path = "Target Support Files/Pods-Assignment1Tests/Pods-Assignment1Tests.debug.xcconfig"; sourceTree = "<group>"; };
		1569F400FFB3AA6A80E8CC36 /* Pods_Assignment1.framework */ = {isa = PBXFileReference; explicitFileType = wrapper.framework; includeInIndex = 0; path = Pods_Assignment1.framework; sourceTree = BUILT_PRODUCTS_DIR; };
		1852781924CAE0AE00E7D3E5 /* Assignment1.app */ = {isa = PBXFileReference; explicitFileType = wrapper.application; includeInIndex = 0; path = Assignment1.app; sourceTree = BUILT_PRODUCTS_DIR; };
		1852781C24CAE0AE00E7D3E5 /* AppDelegate.swift */ = {isa = PBXFileReference; lastKnownFileType = sourcecode.swift; path = AppDelegate.swift; sourceTree = "<group>"; };
		1852781E24CAE0AE00E7D3E5 /* ViewController.swift */ = {isa = PBXFileReference; lastKnownFileType = sourcecode.swift; path = ViewController.swift; sourceTree = "<group>"; };
		1852782124CAE0AE00E7D3E5 /* Base */ = {isa = PBXFileReference; lastKnownFileType = file.storyboard; name = Base; path = Base.lproj/Main.storyboard; sourceTree = "<group>"; };
		1852782324CAE0AF00E7D3E5 /* Assets.xcassets */ = {isa = PBXFileReference; lastKnownFileType = folder.assetcatalog; path = Assets.xcassets; sourceTree = "<group>"; };
		1852782624CAE0AF00E7D3E5 /* Base */ = {isa = PBXFileReference; lastKnownFileType = file.storyboard; name = Base; path = Base.lproj/LaunchScreen.storyboard; sourceTree = "<group>"; };
		1852782824CAE0AF00E7D3E5 /* Info.plist */ = {isa = PBXFileReference; lastKnownFileType = text.plist.xml; path = Info.plist; sourceTree = "<group>"; };
		1852782D24CAE0AF00E7D3E5 /* Assignment1Tests.xctest */ = {isa = PBXFileReference; explicitFileType = wrapper.cfbundle; includeInIndex = 0; path = Assignment1Tests.xctest; sourceTree = BUILT_PRODUCTS_DIR; };
		1852783124CAE0AF00E7D3E5 /* Assignment1Tests.swift */ = {isa = PBXFileReference; lastKnownFileType = sourcecode.swift; path = Assignment1Tests.swift; sourceTree = "<group>"; };
		1852783324CAE0AF00E7D3E5 /* Info.plist */ = {isa = PBXFileReference; lastKnownFileType = text.plist.xml; path = Info.plist; sourceTree = "<group>"; };
		1852783824CAE0AF00E7D3E5 /* Assignment1UITests.xctest */ = {isa = PBXFileReference; explicitFileType = wrapper.cfbundle; includeInIndex = 0; path = Assignment1UITests.xctest; sourceTree = BUILT_PRODUCTS_DIR; };
		1852783C24CAE0AF00E7D3E5 /* Assignment1UITests.swift */ = {isa = PBXFileReference; lastKnownFileType = sourcecode.swift; path = Assignment1UITests.swift; sourceTree = "<group>"; };
		1852783E24CAE0AF00E7D3E5 /* Info.plist */ = {isa = PBXFileReference; lastKnownFileType = text.plist.xml; path = Info.plist; sourceTree = "<group>"; };
		1852784A24CAE11200E7D3E5 /* SignUpViewController.swift */ = {isa = PBXFileReference; lastKnownFileType = sourcecode.swift; path = SignUpViewController.swift; sourceTree = "<group>"; };
		1852784C24CAE12300E7D3E5 /* LoginViewController.swift */ = {isa = PBXFileReference; lastKnownFileType = sourcecode.swift; path = LoginViewController.swift; sourceTree = "<group>"; };
		1852784E24CAE12D00E7D3E5 /* HomeViewController.swift */ = {isa = PBXFileReference; lastKnownFileType = sourcecode.swift; path = HomeViewController.swift; sourceTree = "<group>"; };
		1852785424CB364300E7D3E5 /* Utilities.swift */ = {isa = PBXFileReference; fileEncoding = 4; lastKnownFileType = sourcecode.swift; path = Utilities.swift; sourceTree = "<group>"; };
		1852785624CB364600E7D3E5 /* Constants.swift */ = {isa = PBXFileReference; lastKnownFileType = sourcecode.swift; path = Constants.swift; sourceTree = "<group>"; };
		1852785824CB3AD100E7D3E5 /* GoogleService-Info.plist */ = {isa = PBXFileReference; fileEncoding = 4; lastKnownFileType = text.plist.xml; path = "GoogleService-Info.plist"; sourceTree = "<group>"; };
		188821382591E4E7006B3E69 /* MenuViewController.swift */ = {isa = PBXFileReference; lastKnownFileType = sourcecode.swift; path = MenuViewController.swift; sourceTree = "<group>"; };
		18A284B02585EFD6006C9C8C /* TableViewCell.swift */ = {isa = PBXFileReference; lastKnownFileType = sourcecode.swift; path = TableViewCell.swift; sourceTree = "<group>"; };
		18D3326F258485B800AC3BEE /* ResturantHomeViewController.swift */ = {isa = PBXFileReference; lastKnownFileType = sourcecode.swift; path = ResturantHomeViewController.swift; sourceTree = "<group>"; };
		18E171CC259383FC00A471A7 /* DetailViewController.swift */ = {isa = PBXFileReference; lastKnownFileType = sourcecode.swift; path = DetailViewController.swift; sourceTree = "<group>"; };
		18E171D1259384BE00A471A7 /* Interactor.swift */ = {isa = PBXFileReference; lastKnownFileType = sourcecode.swift; path = Interactor.swift; sourceTree = "<group>"; };
		18E171D62593850300A471A7 /* InfoViewController.swift */ = {isa = PBXFileReference; lastKnownFileType = sourcecode.swift; path = InfoViewController.swift; sourceTree = "<group>"; };
		18E171DB2593856000A471A7 /* SectionTitleIndexView.swift */ = {isa = PBXFileReference; lastKnownFileType = sourcecode.swift; path = SectionTitleIndexView.swift; sourceTree = "<group>"; };
		18E171E0259385BB00A471A7 /* SectionTitleIndexCollectionView.swift */ = {isa = PBXFileReference; lastKnownFileType = sourcecode.swift; path = SectionTitleIndexCollectionView.swift; sourceTree = "<group>"; };
		18E171EB259385E000A471A7 /* Meal.swift */ = {isa = PBXFileReference; lastKnownFileType = sourcecode.swift; path = Meal.swift; sourceTree = "<group>"; };
		18E171F72593870700A471A7 /* HeaderView.swift */ = {isa = PBXFileReference; lastKnownFileType = sourcecode.swift; path = HeaderView.swift; sourceTree = "<group>"; };
		18E171FC2593877600A471A7 /* DetailCollectionViewCell.swift */ = {isa = PBXFileReference; lastKnownFileType = sourcecode.swift; path = DetailCollectionViewCell.swift; sourceTree = "<group>"; };
		18E172012593878D00A471A7 /* InfoCollectionViewCell.swift */ = {isa = PBXFileReference; lastKnownFileType = sourcecode.swift; path = InfoCollectionViewCell.swift; sourceTree = "<group>"; };
		18E17206259387C000A471A7 /* MenuCollectionViewCell.swift */ = {isa = PBXFileReference; lastKnownFileType = sourcecode.swift; path = MenuCollectionViewCell.swift; sourceTree = "<group>"; };
		18E1720B259387F100A471A7 /* DetailHeaderCollectionViewCell.swift */ = {isa = PBXFileReference; lastKnownFileType = sourcecode.swift; path = DetailHeaderCollectionViewCell.swift; sourceTree = "<group>"; };
		18E172102593881200A471A7 /* SectionHeaderView.swift */ = {isa = PBXFileReference; lastKnownFileType = sourcecode.swift; path = SectionHeaderView.swift; sourceTree = "<group>"; };
		18E172152593885A00A471A7 /* MealItemViewController.swift */ = {isa = PBXFileReference; lastKnownFileType = sourcecode.swift; path = MealItemViewController.swift; sourceTree = "<group>"; };
		18E1721A2593890000A471A7 /* MealItemTableViewCell.swift */ = {isa = PBXFileReference; lastKnownFileType = sourcecode.swift; path = MealItemTableViewCell.swift; sourceTree = "<group>"; };
		18E1721F2593893300A471A7 /* MealItemTitleCell.swift */ = {isa = PBXFileReference; lastKnownFileType = sourcecode.swift; path = MealItemTitleCell.swift; sourceTree = "<group>"; };
		18E172242593895E00A471A7 /* MealItemQuantityCell.swift */ = {isa = PBXFileReference; lastKnownFileType = sourcecode.swift; path = MealItemQuantityCell.swift; sourceTree = "<group>"; };
		18E1722925938A4800A471A7 /* InfoTableViewCell.swift */ = {isa = PBXFileReference; lastKnownFileType = sourcecode.swift; path = InfoTableViewCell.swift; sourceTree = "<group>"; };
		18E1722E25938A6000A471A7 /* InfoTableViewHeader.swift */ = {isa = PBXFileReference; lastKnownFileType = sourcecode.swift; path = InfoTableViewHeader.swift; sourceTree = "<group>"; };
		18F9E7582588EBFB00AD31CB /* Items.swift */ = {isa = PBXFileReference; lastKnownFileType = sourcecode.swift; path = Items.swift; sourceTree = "<group>"; };
		680CFAEB449844CDADEFB6A9 /* Pods-Assignment1Tests.release.xcconfig */ = {isa = PBXFileReference; includeInIndex = 1; lastKnownFileType = text.xcconfig; name = "Pods-Assignment1Tests.release.xcconfig"; path = "Target Support Files/Pods-Assignment1Tests/Pods-Assignment1Tests.release.xcconfig"; sourceTree = "<group>"; };
		7762C69E5853952E301B8389 /* Pods_Assignment1_Assignment1UITests.framework */ = {isa = PBXFileReference; explicitFileType = wrapper.framework; includeInIndex = 0; path = Pods_Assignment1_Assignment1UITests.framework; sourceTree = BUILT_PRODUCTS_DIR; };
		85E25535DD710258ACE3E610 /* Pods_Assignment1Tests.framework */ = {isa = PBXFileReference; explicitFileType = wrapper.framework; includeInIndex = 0; path = Pods_Assignment1Tests.framework; sourceTree = BUILT_PRODUCTS_DIR; };
		A73C29968848C28D92700719 /* Pods-Assignment1.release.xcconfig */ = {isa = PBXFileReference; includeInIndex = 1; lastKnownFileType = text.xcconfig; name = "Pods-Assignment1.release.xcconfig"; path = "Target Support Files/Pods-Assignment1/Pods-Assignment1.release.xcconfig"; sourceTree = "<group>"; };
		CDEC1C4D9139B3511BEDBB0F /* Pods-Assignment1-Assignment1UITests.debug.xcconfig */ = {isa = PBXFileReference; includeInIndex = 1; lastKnownFileType = text.xcconfig; name = "Pods-Assignment1-Assignment1UITests.debug.xcconfig"; path = "Target Support Files/Pods-Assignment1-Assignment1UITests/Pods-Assignment1-Assignment1UITests.debug.xcconfig"; sourceTree = "<group>"; };
		F5789D84AFD651F8F5B24A0B /* Pods-Assignment1.debug.xcconfig */ = {isa = PBXFileReference; includeInIndex = 1; lastKnownFileType = text.xcconfig; name = "Pods-Assignment1.debug.xcconfig"; path = "Target Support Files/Pods-Assignment1/Pods-Assignment1.debug.xcconfig"; sourceTree = "<group>"; };
/* End PBXFileReference section */

/* Begin PBXFrameworksBuildPhase section */
		1852781624CAE0AE00E7D3E5 /* Frameworks */ = {
			isa = PBXFrameworksBuildPhase;
			buildActionMask = 2147483647;
			files = (
				259C1D7BD1934BA81D689C37 /* Pods_Assignment1.framework in Frameworks */,
			);
			runOnlyForDeploymentPostprocessing = 0;
		};
		1852782A24CAE0AF00E7D3E5 /* Frameworks */ = {
			isa = PBXFrameworksBuildPhase;
			buildActionMask = 2147483647;
			files = (
				FE61B130D07A9A82100123E8 /* Pods_Assignment1Tests.framework in Frameworks */,
			);
			runOnlyForDeploymentPostprocessing = 0;
		};
		1852783524CAE0AF00E7D3E5 /* Frameworks */ = {
			isa = PBXFrameworksBuildPhase;
			buildActionMask = 2147483647;
			files = (
				0CF89D9E37B4393B50D9AA45 /* Pods_Assignment1_Assignment1UITests.framework in Frameworks */,
			);
			runOnlyForDeploymentPostprocessing = 0;
		};
/* End PBXFrameworksBuildPhase section */

/* Begin PBXGroup section */
		1852781024CAE0AE00E7D3E5 = {
			isa = PBXGroup;
			children = (
				1852781B24CAE0AE00E7D3E5 /* Assignment1 */,
				1852783024CAE0AF00E7D3E5 /* Assignment1Tests */,
				1852783B24CAE0AF00E7D3E5 /* Assignment1UITests */,
				1852781A24CAE0AE00E7D3E5 /* Products */,
				45AEC437B45486AA1142A1A2 /* Pods */,
				6B260EDBD9E340F73CAFE58E /* Frameworks */,
			);
			sourceTree = "<group>";
		};
		1852781A24CAE0AE00E7D3E5 /* Products */ = {
			isa = PBXGroup;
			children = (
				1852781924CAE0AE00E7D3E5 /* Assignment1.app */,
				1852782D24CAE0AF00E7D3E5 /* Assignment1Tests.xctest */,
				1852783824CAE0AF00E7D3E5 /* Assignment1UITests.xctest */,
			);
			name = Products;
			sourceTree = "<group>";
		};
		1852781B24CAE0AE00E7D3E5 /* Assignment1 */ = {
			isa = PBXGroup;
			children = (
				18E171F32593864D00A471A7 /* Utils */,
				18F9E7572588EBE400AD31CB /* Models */,
				1852785824CB3AD100E7D3E5 /* GoogleService-Info.plist */,
				1852785324CB363100E7D3E5 /* Helpers */,
				1852785024CAE13700E7D3E5 /* ViewControllers */,
				1852781C24CAE0AE00E7D3E5 /* AppDelegate.swift */,
				1852782024CAE0AE00E7D3E5 /* Main.storyboard */,
				1852782324CAE0AF00E7D3E5 /* Assets.xcassets */,
				1852782524CAE0AF00E7D3E5 /* LaunchScreen.storyboard */,
				1852782824CAE0AF00E7D3E5 /* Info.plist */,
			);
			path = Assignment1;
			sourceTree = "<group>";
		};
		1852783024CAE0AF00E7D3E5 /* Assignment1Tests */ = {
			isa = PBXGroup;
			children = (
				1852783124CAE0AF00E7D3E5 /* Assignment1Tests.swift */,
				1852783324CAE0AF00E7D3E5 /* Info.plist */,
			);
			path = Assignment1Tests;
			sourceTree = "<group>";
		};
		1852783B24CAE0AF00E7D3E5 /* Assignment1UITests */ = {
			isa = PBXGroup;
			children = (
				1852783C24CAE0AF00E7D3E5 /* Assignment1UITests.swift */,
				1852783E24CAE0AF00E7D3E5 /* Info.plist */,
			);
			path = Assignment1UITests;
			sourceTree = "<group>";
		};
		1852785024CAE13700E7D3E5 /* ViewControllers */ = {
			isa = PBXGroup;
			children = (
				1852781E24CAE0AE00E7D3E5 /* ViewController.swift */,
				1852784A24CAE11200E7D3E5 /* SignUpViewController.swift */,
				1852784C24CAE12300E7D3E5 /* LoginViewController.swift */,
				1852784E24CAE12D00E7D3E5 /* HomeViewController.swift */,
				18D3326F258485B800AC3BEE /* ResturantHomeViewController.swift */,
				18A284B02585EFD6006C9C8C /* TableViewCell.swift */,
				188821382591E4E7006B3E69 /* MenuViewController.swift */,
				18E171CC259383FC00A471A7 /* DetailViewController.swift */,
				18E171D1259384BE00A471A7 /* Interactor.swift */,
				18E171D62593850300A471A7 /* InfoViewController.swift */,
				18E171DB2593856000A471A7 /* SectionTitleIndexView.swift */,
				18E171E0259385BB00A471A7 /* SectionTitleIndexCollectionView.swift */,
				18E171F72593870700A471A7 /* HeaderView.swift */,
				18E171FC2593877600A471A7 /* DetailCollectionViewCell.swift */,
				18E172012593878D00A471A7 /* InfoCollectionViewCell.swift */,
				18E17206259387C000A471A7 /* MenuCollectionViewCell.swift */,
				18E1720B259387F100A471A7 /* DetailHeaderCollectionViewCell.swift */,
				18E172102593881200A471A7 /* SectionHeaderView.swift */,
				18E172152593885A00A471A7 /* MealItemViewController.swift */,
				18E1721A2593890000A471A7 /* MealItemTableViewCell.swift */,
				18E1721F2593893300A471A7 /* MealItemTitleCell.swift */,
				18E172242593895E00A471A7 /* MealItemQuantityCell.swift */,
				18E1722925938A4800A471A7 /* InfoTableViewCell.swift */,
				18E1722E25938A6000A471A7 /* InfoTableViewHeader.swift */,
			);
			path = ViewControllers;
			sourceTree = "<group>";
		};
		1852785324CB363100E7D3E5 /* Helpers */ = {
			isa = PBXGroup;
			children = (
				1852785624CB364600E7D3E5 /* Constants.swift */,
				1852785424CB364300E7D3E5 /* Utilities.swift */,
			);
			path = Helpers;
			sourceTree = "<group>";
		};
		18E171F32593864D00A471A7 /* Utils */ = {
			isa = PBXGroup;
			children = (
			);
			path = Utils;
			sourceTree = "<group>";
		};
		18F9E7572588EBE400AD31CB /* Models */ = {
			isa = PBXGroup;
			children = (
				18F9E7582588EBFB00AD31CB /* Items.swift */,
				18E171EB259385E000A471A7 /* Meal.swift */,
			);
			path = Models;
			sourceTree = "<group>";
		};
		45AEC437B45486AA1142A1A2 /* Pods */ = {
			isa = PBXGroup;
			children = (
				F5789D84AFD651F8F5B24A0B /* Pods-Assignment1.debug.xcconfig */,
				A73C29968848C28D92700719 /* Pods-Assignment1.release.xcconfig */,
				CDEC1C4D9139B3511BEDBB0F /* Pods-Assignment1-Assignment1UITests.debug.xcconfig */,
				10868AECBB660A88AF6CBDD1 /* Pods-Assignment1-Assignment1UITests.release.xcconfig */,
				1351687C3D7A3219C34FA7EF /* Pods-Assignment1Tests.debug.xcconfig */,
				680CFAEB449844CDADEFB6A9 /* Pods-Assignment1Tests.release.xcconfig */,
			);
			path = Pods;
			sourceTree = "<group>";
		};
		6B260EDBD9E340F73CAFE58E /* Frameworks */ = {
			isa = PBXGroup;
			children = (
				1569F400FFB3AA6A80E8CC36 /* Pods_Assignment1.framework */,
				7762C69E5853952E301B8389 /* Pods_Assignment1_Assignment1UITests.framework */,
				85E25535DD710258ACE3E610 /* Pods_Assignment1Tests.framework */,
			);
			name = Frameworks;
			sourceTree = "<group>";
		};
/* End PBXGroup section */

/* Begin PBXNativeTarget section */
		1852781824CAE0AE00E7D3E5 /* Assignment1 */ = {
			isa = PBXNativeTarget;
			buildConfigurationList = 1852784124CAE0AF00E7D3E5 /* Build configuration list for PBXNativeTarget "Assignment1" */;
			buildPhases = (
				AB33193F815EE7F14EDFFF39 /* [CP] Check Pods Manifest.lock */,
				1852781524CAE0AE00E7D3E5 /* Sources */,
				1852781624CAE0AE00E7D3E5 /* Frameworks */,
				1852781724CAE0AE00E7D3E5 /* Resources */,
				D924E88ADF2935F7A859532D /* [CP] Embed Pods Frameworks */,
			);
			buildRules = (
			);
			dependencies = (
			);
			name = Assignment1;
			productName = Assignment1;
			productReference = 1852781924CAE0AE00E7D3E5 /* Assignment1.app */;
			productType = "com.apple.product-type.application";
		};
		1852782C24CAE0AF00E7D3E5 /* Assignment1Tests */ = {
			isa = PBXNativeTarget;
			buildConfigurationList = 1852784424CAE0AF00E7D3E5 /* Build configuration list for PBXNativeTarget "Assignment1Tests" */;
			buildPhases = (
				761AF5BA33E3BF6272F1F36E /* [CP] Check Pods Manifest.lock */,
				1852782924CAE0AF00E7D3E5 /* Sources */,
				1852782A24CAE0AF00E7D3E5 /* Frameworks */,
				1852782B24CAE0AF00E7D3E5 /* Resources */,
			);
			buildRules = (
			);
			dependencies = (
				1852782F24CAE0AF00E7D3E5 /* PBXTargetDependency */,
			);
			name = Assignment1Tests;
			productName = Assignment1Tests;
			productReference = 1852782D24CAE0AF00E7D3E5 /* Assignment1Tests.xctest */;
			productType = "com.apple.product-type.bundle.unit-test";
		};
		1852783724CAE0AF00E7D3E5 /* Assignment1UITests */ = {
			isa = PBXNativeTarget;
			buildConfigurationList = 1852784724CAE0AF00E7D3E5 /* Build configuration list for PBXNativeTarget "Assignment1UITests" */;
			buildPhases = (
				3C03119278C6233EF316D5D3 /* [CP] Check Pods Manifest.lock */,
				1852783424CAE0AF00E7D3E5 /* Sources */,
				1852783524CAE0AF00E7D3E5 /* Frameworks */,
				1852783624CAE0AF00E7D3E5 /* Resources */,
				CD21961790BE2BF205F921BB /* [CP] Embed Pods Frameworks */,
			);
			buildRules = (
			);
			dependencies = (
				1852783A24CAE0AF00E7D3E5 /* PBXTargetDependency */,
			);
			name = Assignment1UITests;
			productName = Assignment1UITests;
			productReference = 1852783824CAE0AF00E7D3E5 /* Assignment1UITests.xctest */;
			productType = "com.apple.product-type.bundle.ui-testing";
		};
/* End PBXNativeTarget section */

/* Begin PBXProject section */
		1852781124CAE0AE00E7D3E5 /* Project object */ = {
			isa = PBXProject;
			attributes = {
				LastSwiftUpdateCheck = 1030;
				LastUpgradeCheck = 1030;
				ORGANIZATIONNAME = "Prabhav Mehra";
				TargetAttributes = {
					1852781824CAE0AE00E7D3E5 = {
						CreatedOnToolsVersion = 10.3;
					};
					1852782C24CAE0AF00E7D3E5 = {
						CreatedOnToolsVersion = 10.3;
						TestTargetID = 1852781824CAE0AE00E7D3E5;
					};
					1852783724CAE0AF00E7D3E5 = {
						CreatedOnToolsVersion = 10.3;
						TestTargetID = 1852781824CAE0AE00E7D3E5;
					};
				};
			};
			buildConfigurationList = 1852781424CAE0AE00E7D3E5 /* Build configuration list for PBXProject "Assignment1" */;
			compatibilityVersion = "Xcode 9.3";
			developmentRegion = en;
			hasScannedForEncodings = 0;
			knownRegions = (
				en,
				Base,
			);
			mainGroup = 1852781024CAE0AE00E7D3E5;
			productRefGroup = 1852781A24CAE0AE00E7D3E5 /* Products */;
			projectDirPath = "";
			projectRoot = "";
			targets = (
				1852781824CAE0AE00E7D3E5 /* Assignment1 */,
				1852782C24CAE0AF00E7D3E5 /* Assignment1Tests */,
				1852783724CAE0AF00E7D3E5 /* Assignment1UITests */,
			);
		};
/* End PBXProject section */

/* Begin PBXResourcesBuildPhase section */
		1852781724CAE0AE00E7D3E5 /* Resources */ = {
			isa = PBXResourcesBuildPhase;
			buildActionMask = 2147483647;
			files = (
				1852782724CAE0AF00E7D3E5 /* LaunchScreen.storyboard in Resources */,
				1852785924CB3AD100E7D3E5 /* GoogleService-Info.plist in Resources */,
				1852782424CAE0AF00E7D3E5 /* Assets.xcassets in Resources */,
				1852782224CAE0AE00E7D3E5 /* Main.storyboard in Resources */,
			);
			runOnlyForDeploymentPostprocessing = 0;
		};
		1852782B24CAE0AF00E7D3E5 /* Resources */ = {
			isa = PBXResourcesBuildPhase;
			buildActionMask = 2147483647;
			files = (
			);
			runOnlyForDeploymentPostprocessing = 0;
		};
		1852783624CAE0AF00E7D3E5 /* Resources */ = {
			isa = PBXResourcesBuildPhase;
			buildActionMask = 2147483647;
			files = (
			);
			runOnlyForDeploymentPostprocessing = 0;
		};
/* End PBXResourcesBuildPhase section */

/* Begin PBXShellScriptBuildPhase section */
		3C03119278C6233EF316D5D3 /* [CP] Check Pods Manifest.lock */ = {
			isa = PBXShellScriptBuildPhase;
			buildActionMask = 2147483647;
			files = (
			);
			inputFileListPaths = (
			);
			inputPaths = (
				"${PODS_PODFILE_DIR_PATH}/Podfile.lock",
				"${PODS_ROOT}/Manifest.lock",
			);
			name = "[CP] Check Pods Manifest.lock";
			outputFileListPaths = (
			);
			outputPaths = (
				"$(DERIVED_FILE_DIR)/Pods-Assignment1-Assignment1UITests-checkManifestLockResult.txt",
			);
			runOnlyForDeploymentPostprocessing = 0;
			shellPath = /bin/sh;
			shellScript = "diff \"${PODS_PODFILE_DIR_PATH}/Podfile.lock\" \"${PODS_ROOT}/Manifest.lock\" > /dev/null\nif [ $? != 0 ] ; then\n    # print error to STDERR\n    echo \"error: The sandbox is not in sync with the Podfile.lock. Run 'pod install' or update your CocoaPods installation.\" >&2\n    exit 1\nfi\n# This output is used by Xcode 'outputs' to avoid re-running this script phase.\necho \"SUCCESS\" > \"${SCRIPT_OUTPUT_FILE_0}\"\n";
			showEnvVarsInLog = 0;
		};
		761AF5BA33E3BF6272F1F36E /* [CP] Check Pods Manifest.lock */ = {
			isa = PBXShellScriptBuildPhase;
			buildActionMask = 2147483647;
			files = (
			);
			inputFileListPaths = (
			);
			inputPaths = (
				"${PODS_PODFILE_DIR_PATH}/Podfile.lock",
				"${PODS_ROOT}/Manifest.lock",
			);
			name = "[CP] Check Pods Manifest.lock";
			outputFileListPaths = (
			);
			outputPaths = (
				"$(DERIVED_FILE_DIR)/Pods-Assignment1Tests-checkManifestLockResult.txt",
			);
			runOnlyForDeploymentPostprocessing = 0;
			shellPath = /bin/sh;
			shellScript = "diff \"${PODS_PODFILE_DIR_PATH}/Podfile.lock\" \"${PODS_ROOT}/Manifest.lock\" > /dev/null\nif [ $? != 0 ] ; then\n    # print error to STDERR\n    echo \"error: The sandbox is not in sync with the Podfile.lock. Run 'pod install' or update your CocoaPods installation.\" >&2\n    exit 1\nfi\n# This output is used by Xcode 'outputs' to avoid re-running this script phase.\necho \"SUCCESS\" > \"${SCRIPT_OUTPUT_FILE_0}\"\n";
			showEnvVarsInLog = 0;
		};
		AB33193F815EE7F14EDFFF39 /* [CP] Check Pods Manifest.lock */ = {
			isa = PBXShellScriptBuildPhase;
			buildActionMask = 2147483647;
			files = (
			);
			inputFileListPaths = (
			);
			inputPaths = (
				"${PODS_PODFILE_DIR_PATH}/Podfile.lock",
				"${PODS_ROOT}/Manifest.lock",
			);
			name = "[CP] Check Pods Manifest.lock";
			outputFileListPaths = (
			);
			outputPaths = (
				"$(DERIVED_FILE_DIR)/Pods-Assignment1-checkManifestLockResult.txt",
			);
			runOnlyForDeploymentPostprocessing = 0;
			shellPath = /bin/sh;
			shellScript = "diff \"${PODS_PODFILE_DIR_PATH}/Podfile.lock\" \"${PODS_ROOT}/Manifest.lock\" > /dev/null\nif [ $? != 0 ] ; then\n    # print error to STDERR\n    echo \"error: The sandbox is not in sync with the Podfile.lock. Run 'pod install' or update your CocoaPods installation.\" >&2\n    exit 1\nfi\n# This output is used by Xcode 'outputs' to avoid re-running this script phase.\necho \"SUCCESS\" > \"${SCRIPT_OUTPUT_FILE_0}\"\n";
			showEnvVarsInLog = 0;
		};
		CD21961790BE2BF205F921BB /* [CP] Embed Pods Frameworks */ = {
			isa = PBXShellScriptBuildPhase;
			buildActionMask = 2147483647;
			files = (
			);
			inputFileListPaths = (
				"${PODS_ROOT}/Target Support Files/Pods-Assignment1-Assignment1UITests/Pods-Assignment1-Assignment1UITests-frameworks-${CONFIGURATION}-input-files.xcfilelist",
			);
			name = "[CP] Embed Pods Frameworks";
			outputFileListPaths = (
				"${PODS_ROOT}/Target Support Files/Pods-Assignment1-Assignment1UITests/Pods-Assignment1-Assignment1UITests-frameworks-${CONFIGURATION}-output-files.xcfilelist",
			);
			runOnlyForDeploymentPostprocessing = 0;
			shellPath = /bin/sh;
			shellScript = "\"${PODS_ROOT}/Target Support Files/Pods-Assignment1-Assignment1UITests/Pods-Assignment1-Assignment1UITests-frameworks.sh\"\n";
			showEnvVarsInLog = 0;
		};
		D924E88ADF2935F7A859532D /* [CP] Embed Pods Frameworks */ = {
			isa = PBXShellScriptBuildPhase;
			buildActionMask = 2147483647;
			files = (
			);
			inputFileListPaths = (
				"${PODS_ROOT}/Target Support Files/Pods-Assignment1/Pods-Assignment1-frameworks-${CONFIGURATION}-input-files.xcfilelist",
			);
			name = "[CP] Embed Pods Frameworks";
			outputFileListPaths = (
				"${PODS_ROOT}/Target Support Files/Pods-Assignment1/Pods-Assignment1-frameworks-${CONFIGURATION}-output-files.xcfilelist",
			);
			runOnlyForDeploymentPostprocessing = 0;
			shellPath = /bin/sh;
			shellScript = "\"${PODS_ROOT}/Target Support Files/Pods-Assignment1/Pods-Assignment1-frameworks.sh\"\n";
			showEnvVarsInLog = 0;
		};
/* End PBXShellScriptBuildPhase section */

/* Begin PBXSourcesBuildPhase section */
		1852781524CAE0AE00E7D3E5 /* Sources */ = {
			isa = PBXSourcesBuildPhase;
			buildActionMask = 2147483647;
			files = (
				1852785524CB364300E7D3E5 /* Utilities.swift in Sources */,
				18E171F82593870700A471A7 /* HeaderView.swift in Sources */,
				1852784F24CAE12D00E7D3E5 /* HomeViewController.swift in Sources */,
				18E172252593895E00A471A7 /* MealItemQuantityCell.swift in Sources */,
				1852784D24CAE12300E7D3E5 /* LoginViewController.swift in Sources */,
				18E172162593885A00A471A7 /* MealItemViewController.swift in Sources */,
				18E171FD2593877600A471A7 /* DetailCollectionViewCell.swift in Sources */,
				18E171CD259383FC00A471A7 /* DetailViewController.swift in Sources */,
				18A284B12585EFD6006C9C8C /* TableViewCell.swift in Sources */,
				18E171E1259385BB00A471A7 /* SectionTitleIndexCollectionView.swift in Sources */,
				18E17207259387C000A471A7 /* MenuCollectionViewCell.swift in Sources */,
				18E172112593881200A471A7 /* SectionHeaderView.swift in Sources */,
				188821392591E4E7006B3E69 /* MenuViewController.swift in Sources */,
				18E1720C259387F100A471A7 /* DetailHeaderCollectionViewCell.swift in Sources */,
				1852784B24CAE11200E7D3E5 /* SignUpViewController.swift in Sources */,
				18E172202593893300A471A7 /* MealItemTitleCell.swift in Sources */,
				18E172022593878D00A471A7 /* InfoCollectionViewCell.swift in Sources */,
				18D33270258485B800AC3BEE /* ResturantHomeViewController.swift in Sources */,
				18E171D2259384BE00A471A7 /* Interactor.swift in Sources */,
				18F9E7592588EBFC00AD31CB /* Items.swift in Sources */,
				18E171D72593850300A471A7 /* InfoViewController.swift in Sources */,
				1852785724CB364600E7D3E5 /* Constants.swift in Sources */,
				1852781F24CAE0AE00E7D3E5 /* ViewController.swift in Sources */,
				18E1722F25938A6000A471A7 /* InfoTableViewHeader.swift in Sources */,
				18E171EC259385E000A471A7 /* Meal.swift in Sources */,
				1852781D24CAE0AE00E7D3E5 /* AppDelegate.swift in Sources */,
				18E1722A25938A4800A471A7 /* InfoTableViewCell.swift in Sources */,
				18E171DC2593856000A471A7 /* SectionTitleIndexView.swift in Sources */,
				18E1721B2593890000A471A7 /* MealItemTableViewCell.swift in Sources */,
			);
			runOnlyForDeploymentPostprocessing = 0;
		};
		1852782924CAE0AF00E7D3E5 /* Sources */ = {
			isa = PBXSourcesBuildPhase;
			buildActionMask = 2147483647;
			files = (
				1852783224CAE0AF00E7D3E5 /* Assignment1Tests.swift in Sources */,
			);
			runOnlyForDeploymentPostprocessing = 0;
		};
		1852783424CAE0AF00E7D3E5 /* Sources */ = {
			isa = PBXSourcesBuildPhase;
			buildActionMask = 2147483647;
			files = (
				1852783D24CAE0AF00E7D3E5 /* Assignment1UITests.swift in Sources */,
			);
			runOnlyForDeploymentPostprocessing = 0;
		};
/* End PBXSourcesBuildPhase section */

/* Begin PBXTargetDependency section */
		1852782F24CAE0AF00E7D3E5 /* PBXTargetDependency */ = {
			isa = PBXTargetDependency;
			target = 1852781824CAE0AE00E7D3E5 /* Assignment1 */;
			targetProxy = 1852782E24CAE0AF00E7D3E5 /* PBXContainerItemProxy */;
		};
		1852783A24CAE0AF00E7D3E5 /* PBXTargetDependency */ = {
			isa = PBXTargetDependency;
			target = 1852781824CAE0AE00E7D3E5 /* Assignment1 */;
			targetProxy = 1852783924CAE0AF00E7D3E5 /* PBXContainerItemProxy */;
		};
/* End PBXTargetDependency section */

/* Begin PBXVariantGroup section */
		1852782024CAE0AE00E7D3E5 /* Main.storyboard */ = {
			isa = PBXVariantGroup;
			children = (
				1852782124CAE0AE00E7D3E5 /* Base */,
			);
			name = Main.storyboard;
			sourceTree = "<group>";
		};
		1852782524CAE0AF00E7D3E5 /* LaunchScreen.storyboard */ = {
			isa = PBXVariantGroup;
			children = (
				1852782624CAE0AF00E7D3E5 /* Base */,
			);
			name = LaunchScreen.storyboard;
			sourceTree = "<group>";
		};
/* End PBXVariantGroup section */

/* Begin XCBuildConfiguration section */
		1852783F24CAE0AF00E7D3E5 /* Debug */ = {
			isa = XCBuildConfiguration;
			buildSettings = {
				ALWAYS_SEARCH_USER_PATHS = NO;
				CLANG_ANALYZER_NONNULL = YES;
				CLANG_ANALYZER_NUMBER_OBJECT_CONVERSION = YES_AGGRESSIVE;
				CLANG_CXX_LANGUAGE_STANDARD = "gnu++14";
				CLANG_CXX_LIBRARY = "libc++";
				CLANG_ENABLE_MODULES = YES;
				CLANG_ENABLE_OBJC_ARC = YES;
				CLANG_ENABLE_OBJC_WEAK = YES;
				CLANG_WARN_BLOCK_CAPTURE_AUTORELEASING = YES;
				CLANG_WARN_BOOL_CONVERSION = YES;
				CLANG_WARN_COMMA = YES;
				CLANG_WARN_CONSTANT_CONVERSION = YES;
				CLANG_WARN_DEPRECATED_OBJC_IMPLEMENTATIONS = YES;
				CLANG_WARN_DIRECT_OBJC_ISA_USAGE = YES_ERROR;
				CLANG_WARN_DOCUMENTATION_COMMENTS = YES;
				CLANG_WARN_EMPTY_BODY = YES;
				CLANG_WARN_ENUM_CONVERSION = YES;
				CLANG_WARN_INFINITE_RECURSION = YES;
				CLANG_WARN_INT_CONVERSION = YES;
				CLANG_WARN_NON_LITERAL_NULL_CONVERSION = YES;
				CLANG_WARN_OBJC_IMPLICIT_RETAIN_SELF = YES;
				CLANG_WARN_OBJC_LITERAL_CONVERSION = YES;
				CLANG_WARN_OBJC_ROOT_CLASS = YES_ERROR;
				CLANG_WARN_RANGE_LOOP_ANALYSIS = YES;
				CLANG_WARN_STRICT_PROTOTYPES = YES;
				CLANG_WARN_SUSPICIOUS_MOVE = YES;
				CLANG_WARN_UNGUARDED_AVAILABILITY = YES_AGGRESSIVE;
				CLANG_WARN_UNREACHABLE_CODE = YES;
				CLANG_WARN__DUPLICATE_METHOD_MATCH = YES;
				CODE_SIGN_IDENTITY = "iPhone Developer";
				COPY_PHASE_STRIP = NO;
				DEBUG_INFORMATION_FORMAT = dwarf;
				ENABLE_STRICT_OBJC_MSGSEND = YES;
				ENABLE_TESTABILITY = YES;
				GCC_C_LANGUAGE_STANDARD = gnu11;
				GCC_DYNAMIC_NO_PIC = NO;
				GCC_NO_COMMON_BLOCKS = YES;
				GCC_OPTIMIZATION_LEVEL = 0;
				GCC_PREPROCESSOR_DEFINITIONS = (
					"DEBUG=1",
					"$(inherited)",
				);
				GCC_WARN_64_TO_32_BIT_CONVERSION = YES;
				GCC_WARN_ABOUT_RETURN_TYPE = YES_ERROR;
				GCC_WARN_UNDECLARED_SELECTOR = YES;
				GCC_WARN_UNINITIALIZED_AUTOS = YES_AGGRESSIVE;
				GCC_WARN_UNUSED_FUNCTION = YES;
				GCC_WARN_UNUSED_VARIABLE = YES;
				IPHONEOS_DEPLOYMENT_TARGET = 12.4;
				MTL_ENABLE_DEBUG_INFO = INCLUDE_SOURCE;
				MTL_FAST_MATH = YES;
				ONLY_ACTIVE_ARCH = YES;
				SDKROOT = iphoneos;
				SWIFT_ACTIVE_COMPILATION_CONDITIONS = DEBUG;
				SWIFT_OPTIMIZATION_LEVEL = "-Onone";
			};
			name = Debug;
		};
		1852784024CAE0AF00E7D3E5 /* Release */ = {
			isa = XCBuildConfiguration;
			buildSettings = {
				ALWAYS_SEARCH_USER_PATHS = NO;
				CLANG_ANALYZER_NONNULL = YES;
				CLANG_ANALYZER_NUMBER_OBJECT_CONVERSION = YES_AGGRESSIVE;
				CLANG_CXX_LANGUAGE_STANDARD = "gnu++14";
				CLANG_CXX_LIBRARY = "libc++";
				CLANG_ENABLE_MODULES = YES;
				CLANG_ENABLE_OBJC_ARC = YES;
				CLANG_ENABLE_OBJC_WEAK = YES;
				CLANG_WARN_BLOCK_CAPTURE_AUTORELEASING = YES;
				CLANG_WARN_BOOL_CONVERSION = YES;
				CLANG_WARN_COMMA = YES;
				CLANG_WARN_CONSTANT_CONVERSION = YES;
				CLANG_WARN_DEPRECATED_OBJC_IMPLEMENTATIONS = YES;
				CLANG_WARN_DIRECT_OBJC_ISA_USAGE = YES_ERROR;
				CLANG_WARN_DOCUMENTATION_COMMENTS = YES;
				CLANG_WARN_EMPTY_BODY = YES;
				CLANG_WARN_ENUM_CONVERSION = YES;
				CLANG_WARN_INFINITE_RECURSION = YES;
				CLANG_WARN_INT_CONVERSION = YES;
				CLANG_WARN_NON_LITERAL_NULL_CONVERSION = YES;
				CLANG_WARN_OBJC_IMPLICIT_RETAIN_SELF = YES;
				CLANG_WARN_OBJC_LITERAL_CONVERSION = YES;
				CLANG_WARN_OBJC_ROOT_CLASS = YES_ERROR;
				CLANG_WARN_RANGE_LOOP_ANALYSIS = YES;
				CLANG_WARN_STRICT_PROTOTYPES = YES;
				CLANG_WARN_SUSPICIOUS_MOVE = YES;
				CLANG_WARN_UNGUARDED_AVAILABILITY = YES_AGGRESSIVE;
				CLANG_WARN_UNREACHABLE_CODE = YES;
				CLANG_WARN__DUPLICATE_METHOD_MATCH = YES;
				CODE_SIGN_IDENTITY = "iPhone Developer";
				COPY_PHASE_STRIP = NO;
				DEBUG_INFORMATION_FORMAT = "dwarf-with-dsym";
				ENABLE_NS_ASSERTIONS = NO;
				ENABLE_STRICT_OBJC_MSGSEND = YES;
				GCC_C_LANGUAGE_STANDARD = gnu11;
				GCC_NO_COMMON_BLOCKS = YES;
				GCC_WARN_64_TO_32_BIT_CONVERSION = YES;
				GCC_WARN_ABOUT_RETURN_TYPE = YES_ERROR;
				GCC_WARN_UNDECLARED_SELECTOR = YES;
				GCC_WARN_UNINITIALIZED_AUTOS = YES_AGGRESSIVE;
				GCC_WARN_UNUSED_FUNCTION = YES;
				GCC_WARN_UNUSED_VARIABLE = YES;
				IPHONEOS_DEPLOYMENT_TARGET = 12.4;
				MTL_ENABLE_DEBUG_INFO = NO;
				MTL_FAST_MATH = YES;
				SDKROOT = iphoneos;
				SWIFT_COMPILATION_MODE = wholemodule;
				SWIFT_OPTIMIZATION_LEVEL = "-O";
				VALIDATE_PRODUCT = YES;
			};
			name = Release;
		};
		1852784224CAE0AF00E7D3E5 /* Debug */ = {
			isa = XCBuildConfiguration;
			baseConfigurationReference = F5789D84AFD651F8F5B24A0B /* Pods-Assignment1.debug.xcconfig */;
			buildSettings = {
				ASSETCATALOG_COMPILER_APPICON_NAME = AppIcon;
				CODE_SIGN_STYLE = Automatic;
				DEVELOPMENT_TEAM = U9357DP43W;
				INFOPLIST_FILE = Assignment1/Info.plist;
				LD_RUNPATH_SEARCH_PATHS = (
					"$(inherited)",
					"@executable_path/Frameworks",
				);
				PRODUCT_BUNDLE_IDENTIFIER = co.Prabhav.Assignment1;
				PRODUCT_NAME = "$(TARGET_NAME)";
				SWIFT_VERSION = 5.0;
				TARGETED_DEVICE_FAMILY = "1,2";
			};
			name = Debug;
		};
		1852784324CAE0AF00E7D3E5 /* Release */ = {
			isa = XCBuildConfiguration;
			baseConfigurationReference = A73C29968848C28D92700719 /* Pods-Assignment1.release.xcconfig */;
			buildSettings = {
				ASSETCATALOG_COMPILER_APPICON_NAME = AppIcon;
				CODE_SIGN_STYLE = Automatic;
				DEVELOPMENT_TEAM = U9357DP43W;
				INFOPLIST_FILE = Assignment1/Info.plist;
				LD_RUNPATH_SEARCH_PATHS = (
					"$(inherited)",
					"@executable_path/Frameworks",
				);
				PRODUCT_BUNDLE_IDENTIFIER = co.Prabhav.Assignment1;
				PRODUCT_NAME = "$(TARGET_NAME)";
				SWIFT_VERSION = 5.0;
				TARGETED_DEVICE_FAMILY = "1,2";
			};
			name = Release;
		};
		1852784524CAE0AF00E7D3E5 /* Debug */ = {
			isa = XCBuildConfiguration;
			baseConfigurationReference = 1351687C3D7A3219C34FA7EF /* Pods-Assignment1Tests.debug.xcconfig */;
			buildSettings = {
				ALWAYS_EMBED_SWIFT_STANDARD_LIBRARIES = YES;
				BUNDLE_LOADER = "$(TEST_HOST)";
				CODE_SIGN_STYLE = Automatic;
				DEVELOPMENT_TEAM = U9357DP43W;
				INFOPLIST_FILE = Assignment1Tests/Info.plist;
				LD_RUNPATH_SEARCH_PATHS = (
					"$(inherited)",
					"@executable_path/Frameworks",
					"@loader_path/Frameworks",
				);
				PRODUCT_BUNDLE_IDENTIFIER = co.Prabhav.Assignment1Tests;
				PRODUCT_NAME = "$(TARGET_NAME)";
				SWIFT_VERSION = 5.0;
				TARGETED_DEVICE_FAMILY = "1,2";
				TEST_HOST = "$(BUILT_PRODUCTS_DIR)/Assignment1.app/Assignment1";
			};
			name = Debug;
		};
		1852784624CAE0AF00E7D3E5 /* Release */ = {
			isa = XCBuildConfiguration;
			baseConfigurationReference = 680CFAEB449844CDADEFB6A9 /* Pods-Assignment1Tests.release.xcconfig */;
			buildSettings = {
				ALWAYS_EMBED_SWIFT_STANDARD_LIBRARIES = YES;
				BUNDLE_LOADER = "$(TEST_HOST)";
				CODE_SIGN_STYLE = Automatic;
				DEVELOPMENT_TEAM = U9357DP43W;
				INFOPLIST_FILE = Assignment1Tests/Info.plist;
				LD_RUNPATH_SEARCH_PATHS = (
					"$(inherited)",
					"@executable_path/Frameworks",
					"@loader_path/Frameworks",
				);
				PRODUCT_BUNDLE_IDENTIFIER = co.Prabhav.Assignment1Tests;
				PRODUCT_NAME = "$(TARGET_NAME)";
				SWIFT_VERSION = 5.0;
				TARGETED_DEVICE_FAMILY = "1,2";
				TEST_HOST = "$(BUILT_PRODUCTS_DIR)/Assignment1.app/Assignment1";
			};
			name = Release;
		};
		1852784824CAE0AF00E7D3E5 /* Debug */ = {
			isa = XCBuildConfiguration;
			baseConfigurationReference = CDEC1C4D9139B3511BEDBB0F /* Pods-Assignment1-Assignment1UITests.debug.xcconfig */;
			buildSettings = {
				ALWAYS_EMBED_SWIFT_STANDARD_LIBRARIES = YES;
				CODE_SIGN_STYLE = Automatic;
				DEVELOPMENT_TEAM = U9357DP43W;
				INFOPLIST_FILE = Assignment1UITests/Info.plist;
				LD_RUNPATH_SEARCH_PATHS = (
					"$(inherited)",
					"@executable_path/Frameworks",
					"@loader_path/Frameworks",
				);
				PRODUCT_BUNDLE_IDENTIFIER = co.Prabhav.Assignment1UITests;
				PRODUCT_NAME = "$(TARGET_NAME)";
				SWIFT_VERSION = 5.0;
				TARGETED_DEVICE_FAMILY = "1,2";
				TEST_TARGET_NAME = Assignment1;
			};
			name = Debug;
		};
		1852784924CAE0AF00E7D3E5 /* Release */ = {
			isa = XCBuildConfiguration;
			baseConfigurationReference = 10868AECBB660A88AF6CBDD1 /* Pods-Assignment1-Assignment1UITests.release.xcconfig */;
			buildSettings = {
				ALWAYS_EMBED_SWIFT_STANDARD_LIBRARIES = YES;
				CODE_SIGN_STYLE = Automatic;
				DEVELOPMENT_TEAM = U9357DP43W;
				INFOPLIST_FILE = Assignment1UITests/Info.plist;
				LD_RUNPATH_SEARCH_PATHS = (
					"$(inherited)",
					"@executable_path/Frameworks",
					"@loader_path/Frameworks",
				);
				PRODUCT_BUNDLE_IDENTIFIER = co.Prabhav.Assignment1UITests;
				PRODUCT_NAME = "$(TARGET_NAME)";
				SWIFT_VERSION = 5.0;
				TARGETED_DEVICE_FAMILY = "1,2";
				TEST_TARGET_NAME = Assignment1;
			};
			name = Release;
		};
/* End XCBuildConfiguration section */

/* Begin XCConfigurationList section */
		1852781424CAE0AE00E7D3E5 /* Build configuration list for PBXProject "Assignment1" */ = {
			isa = XCConfigurationList;
			buildConfigurations = (
				1852783F24CAE0AF00E7D3E5 /* Debug */,
				1852784024CAE0AF00E7D3E5 /* Release */,
			);
			defaultConfigurationIsVisible = 0;
			defaultConfigurationName = Release;
		};
		1852784124CAE0AF00E7D3E5 /* Build configuration list for PBXNativeTarget "Assignment1" */ = {
			isa = XCConfigurationList;
			buildConfigurations = (
				1852784224CAE0AF00E7D3E5 /* Debug */,
				1852784324CAE0AF00E7D3E5 /* Release */,
			);
			defaultConfigurationIsVisible = 0;
			defaultConfigurationName = Release;
		};
		1852784424CAE0AF00E7D3E5 /* Build configuration list for PBXNativeTarget "Assignment1Tests" */ = {
			isa = XCConfigurationList;
			buildConfigurations = (
				1852784524CAE0AF00E7D3E5 /* Debug */,
				1852784624CAE0AF00E7D3E5 /* Release */,
			);
			defaultConfigurationIsVisible = 0;
			defaultConfigurationName = Release;
		};
		1852784724CAE0AF00E7D3E5 /* Build configuration list for PBXNativeTarget "Assignment1UITests" */ = {
			isa = XCConfigurationList;
			buildConfigurations = (
				1852784824CAE0AF00E7D3E5 /* Debug */,
				1852784924CAE0AF00E7D3E5 /* Release */,
			);
			defaultConfigurationIsVisible = 0;
			defaultConfigurationName = Release;
		};
/* End XCConfigurationList section */
	};
	rootObject = 1852781124CAE0AE00E7D3E5 /* Project object */;
}
